// !$*UTF8*$!
{
	archiveVersion = 1;
	classes = {
	};
	objectVersion = 51;
	objects = {

/* Begin PBXBuildFile section */
		123EA013233B29EB00607094 /* MovieListInteractorTests.swift in Sources */ = {isa = PBXBuildFile; fileRef = 123EA011233B29EB00607094 /* MovieListInteractorTests.swift */; };
		123EA014233B29EB00607094 /* MovieListPresenterTests.swift in Sources */ = {isa = PBXBuildFile; fileRef = 123EA012233B29EB00607094 /* MovieListPresenterTests.swift */; };
		1267EFEE2333C74E00FE5FF6 /* AppDelegate.swift in Sources */ = {isa = PBXBuildFile; fileRef = 1267EFED2333C74E00FE5FF6 /* AppDelegate.swift */; };
		1267EFF02333C74E00FE5FF6 /* ViewController.swift in Sources */ = {isa = PBXBuildFile; fileRef = 1267EFEF2333C74E00FE5FF6 /* ViewController.swift */; };
		1267EFF32333C74E00FE5FF6 /* Main.storyboard in Resources */ = {isa = PBXBuildFile; fileRef = 1267EFF12333C74E00FE5FF6 /* Main.storyboard */; };
		1267EFF52333C74F00FE5FF6 /* Assets.xcassets in Resources */ = {isa = PBXBuildFile; fileRef = 1267EFF42333C74F00FE5FF6 /* Assets.xcassets */; };
		1267EFF82333C74F00FE5FF6 /* LaunchScreen.storyboard in Resources */ = {isa = PBXBuildFile; fileRef = 1267EFF62333C74F00FE5FF6 /* LaunchScreen.storyboard */; };
		1267F0032333C74F00FE5FF6 /* MovieListCleanTests.swift in Sources */ = {isa = PBXBuildFile; fileRef = 1267F0022333C74F00FE5FF6 /* MovieListCleanTests.swift */; };
		1267F00E2333C74F00FE5FF6 /* MovieListCleanUITests.swift in Sources */ = {isa = PBXBuildFile; fileRef = 1267F00D2333C74F00FE5FF6 /* MovieListCleanUITests.swift */; };
		1267F0242333C88A00FE5FF6 /* MovieListStore.swift in Sources */ = {isa = PBXBuildFile; fileRef = 1267F01C2333C88A00FE5FF6 /* MovieListStore.swift */; };
		1267F0252333C88A00FE5FF6 /* MovieListPresenter.swift in Sources */ = {isa = PBXBuildFile; fileRef = 1267F01D2333C88A00FE5FF6 /* MovieListPresenter.swift */; };
		1267F0262333C88A00FE5FF6 /* MovieListWorker.swift in Sources */ = {isa = PBXBuildFile; fileRef = 1267F01E2333C88A00FE5FF6 /* MovieListWorker.swift */; };
		1267F0272333C88A00FE5FF6 /* MovieListRouter.swift in Sources */ = {isa = PBXBuildFile; fileRef = 1267F01F2333C88A00FE5FF6 /* MovieListRouter.swift */; };
		1267F0282333C88A00FE5FF6 /* MovieListModels.swift in Sources */ = {isa = PBXBuildFile; fileRef = 1267F0202333C88A00FE5FF6 /* MovieListModels.swift */; };
		1267F0292333C88A00FE5FF6 /* MovieListViewController.swift in Sources */ = {isa = PBXBuildFile; fileRef = 1267F0212333C88A00FE5FF6 /* MovieListViewController.swift */; };
		1267F02A2333C88A00FE5FF6 /* MovieListInteractor.swift in Sources */ = {isa = PBXBuildFile; fileRef = 1267F0222333C88A00FE5FF6 /* MovieListInteractor.swift */; };
		1267F02B2333C88A00FE5FF6 /* MovieListEntity.swift in Sources */ = {isa = PBXBuildFile; fileRef = 1267F0232333C88A00FE5FF6 /* MovieListEntity.swift */; };
		1267F02E2333CA9B00FE5FF6 /* ApiManager.swift in Sources */ = {isa = PBXBuildFile; fileRef = 1267F02D2333CA9B00FE5FF6 /* ApiManager.swift */; };
		12F7C79E233473360063D3A3 /* MovieListTableViewCell.swift in Sources */ = {isa = PBXBuildFile; fileRef = 12F7C79D233473360063D3A3 /* MovieListTableViewCell.swift */; };
		12F7C7A92334887F0063D3A3 /* MovieListDetailStore.swift in Sources */ = {isa = PBXBuildFile; fileRef = 12F7C7A12334887F0063D3A3 /* MovieListDetailStore.swift */; };
		12F7C7AA2334887F0063D3A3 /* MovieListDetailPresenter.swift in Sources */ = {isa = PBXBuildFile; fileRef = 12F7C7A22334887F0063D3A3 /* MovieListDetailPresenter.swift */; };
		12F7C7AB2334887F0063D3A3 /* MovieListDetailWorker.swift in Sources */ = {isa = PBXBuildFile; fileRef = 12F7C7A32334887F0063D3A3 /* MovieListDetailWorker.swift */; };
		12F7C7AC2334887F0063D3A3 /* MovieListDetailRouter.swift in Sources */ = {isa = PBXBuildFile; fileRef = 12F7C7A42334887F0063D3A3 /* MovieListDetailRouter.swift */; };
		12F7C7AD2334887F0063D3A3 /* MovieListDetailModels.swift in Sources */ = {isa = PBXBuildFile; fileRef = 12F7C7A52334887F0063D3A3 /* MovieListDetailModels.swift */; };
		12F7C7AE2334887F0063D3A3 /* MovieListDetailViewController.swift in Sources */ = {isa = PBXBuildFile; fileRef = 12F7C7A62334887F0063D3A3 /* MovieListDetailViewController.swift */; };
		12F7C7AF2334887F0063D3A3 /* MovieListDetailInteractor.swift in Sources */ = {isa = PBXBuildFile; fileRef = 12F7C7A72334887F0063D3A3 /* MovieListDetailInteractor.swift */; };
		12F7C7B02334887F0063D3A3 /* MovieListDetailEntity.swift in Sources */ = {isa = PBXBuildFile; fileRef = 12F7C7A82334887F0063D3A3 /* MovieListDetailEntity.swift */; };
		4163A4789DBF41069CD7D71B /* Pods_MovieListCleanTests.framework in Frameworks */ = {isa = PBXBuildFile; fileRef = F4ED4D645D9373B4EBE31F8A /* Pods_MovieListCleanTests.framework */; };
		9ED2F333AD0228ADBAAE30B3 /* Pods_MovieListClean.framework in Frameworks */ = {isa = PBXBuildFile; fileRef = 63886901BD79E78E05E53138 /* Pods_MovieListClean.framework */; };
		D90E73FA7AF3D281A0324077 /* Pods_MovieListCleanUITests.framework in Frameworks */ = {isa = PBXBuildFile; fileRef = 98A2715BC0BFC9346FCD0E25 /* Pods_MovieListCleanUITests.framework */; };
/* End PBXBuildFile section */

/* Begin PBXContainerItemProxy section */
		1267EFFF2333C74F00FE5FF6 /* PBXContainerItemProxy */ = {
			isa = PBXContainerItemProxy;
			containerPortal = 1267EFE22333C74E00FE5FF6 /* Project object */;
			proxyType = 1;
			remoteGlobalIDString = 1267EFE92333C74E00FE5FF6;
			remoteInfo = MovieListClean;
		};
		1267F00A2333C74F00FE5FF6 /* PBXContainerItemProxy */ = {
			isa = PBXContainerItemProxy;
			containerPortal = 1267EFE22333C74E00FE5FF6 /* Project object */;
			proxyType = 1;
			remoteGlobalIDString = 1267EFE92333C74E00FE5FF6;
			remoteInfo = MovieListClean;
		};
/* End PBXContainerItemProxy section */

/* Begin PBXFileReference section */
		123EA011233B29EB00607094 /* MovieListInteractorTests.swift */ = {isa = PBXFileReference; lastKnownFileType = sourcecode.swift; path = MovieListInteractorTests.swift; sourceTree = "<group>"; };
		123EA012233B29EB00607094 /* MovieListPresenterTests.swift */ = {isa = PBXFileReference; lastKnownFileType = sourcecode.swift; path = MovieListPresenterTests.swift; sourceTree = "<group>"; };
		1267EFEA2333C74E00FE5FF6 /* MovieListClean.app */ = {isa = PBXFileReference; explicitFileType = wrapper.application; includeInIndex = 0; path = MovieListClean.app; sourceTree = BUILT_PRODUCTS_DIR; };
		1267EFED2333C74E00FE5FF6 /* AppDelegate.swift */ = {isa = PBXFileReference; lastKnownFileType = sourcecode.swift; path = AppDelegate.swift; sourceTree = "<group>"; };
		1267EFEF2333C74E00FE5FF6 /* ViewController.swift */ = {isa = PBXFileReference; lastKnownFileType = sourcecode.swift; path = ViewController.swift; sourceTree = "<group>"; };
		1267EFF22333C74E00FE5FF6 /* Base */ = {isa = PBXFileReference; lastKnownFileType = file.storyboard; name = Base; path = Base.lproj/Main.storyboard; sourceTree = "<group>"; };
		1267EFF42333C74F00FE5FF6 /* Assets.xcassets */ = {isa = PBXFileReference; lastKnownFileType = folder.assetcatalog; path = Assets.xcassets; sourceTree = "<group>"; };
		1267EFF72333C74F00FE5FF6 /* Base */ = {isa = PBXFileReference; lastKnownFileType = file.storyboard; name = Base; path = Base.lproj/LaunchScreen.storyboard; sourceTree = "<group>"; };
		1267EFF92333C74F00FE5FF6 /* Info.plist */ = {isa = PBXFileReference; lastKnownFileType = text.plist.xml; path = Info.plist; sourceTree = "<group>"; };
		1267EFFE2333C74F00FE5FF6 /* MovieListCleanTests.xctest */ = {isa = PBXFileReference; explicitFileType = wrapper.cfbundle; includeInIndex = 0; path = MovieListCleanTests.xctest; sourceTree = BUILT_PRODUCTS_DIR; };
		1267F0022333C74F00FE5FF6 /* MovieListCleanTests.swift */ = {isa = PBXFileReference; lastKnownFileType = sourcecode.swift; path = MovieListCleanTests.swift; sourceTree = "<group>"; };
		1267F0042333C74F00FE5FF6 /* Info.plist */ = {isa = PBXFileReference; lastKnownFileType = text.plist.xml; path = Info.plist; sourceTree = "<group>"; };
		1267F0092333C74F00FE5FF6 /* MovieListCleanUITests.xctest */ = {isa = PBXFileReference; explicitFileType = wrapper.cfbundle; includeInIndex = 0; path = MovieListCleanUITests.xctest; sourceTree = BUILT_PRODUCTS_DIR; };
		1267F00D2333C74F00FE5FF6 /* MovieListCleanUITests.swift */ = {isa = PBXFileReference; lastKnownFileType = sourcecode.swift; path = MovieListCleanUITests.swift; sourceTree = "<group>"; };
		1267F00F2333C74F00FE5FF6 /* Info.plist */ = {isa = PBXFileReference; lastKnownFileType = text.plist.xml; path = Info.plist; sourceTree = "<group>"; };
		1267F01C2333C88A00FE5FF6 /* MovieListStore.swift */ = {isa = PBXFileReference; lastKnownFileType = sourcecode.swift; path = MovieListStore.swift; sourceTree = "<group>"; };
		1267F01D2333C88A00FE5FF6 /* MovieListPresenter.swift */ = {isa = PBXFileReference; lastKnownFileType = sourcecode.swift; path = MovieListPresenter.swift; sourceTree = "<group>"; };
		1267F01E2333C88A00FE5FF6 /* MovieListWorker.swift */ = {isa = PBXFileReference; lastKnownFileType = sourcecode.swift; path = MovieListWorker.swift; sourceTree = "<group>"; };
		1267F01F2333C88A00FE5FF6 /* MovieListRouter.swift */ = {isa = PBXFileReference; lastKnownFileType = sourcecode.swift; path = MovieListRouter.swift; sourceTree = "<group>"; };
		1267F0202333C88A00FE5FF6 /* MovieListModels.swift */ = {isa = PBXFileReference; lastKnownFileType = sourcecode.swift; path = MovieListModels.swift; sourceTree = "<group>"; };
		1267F0212333C88A00FE5FF6 /* MovieListViewController.swift */ = {isa = PBXFileReference; lastKnownFileType = sourcecode.swift; path = MovieListViewController.swift; sourceTree = "<group>"; };
		1267F0222333C88A00FE5FF6 /* MovieListInteractor.swift */ = {isa = PBXFileReference; lastKnownFileType = sourcecode.swift; path = MovieListInteractor.swift; sourceTree = "<group>"; };
		1267F0232333C88A00FE5FF6 /* MovieListEntity.swift */ = {isa = PBXFileReference; lastKnownFileType = sourcecode.swift; path = MovieListEntity.swift; sourceTree = "<group>"; };
		1267F02D2333CA9B00FE5FF6 /* ApiManager.swift */ = {isa = PBXFileReference; lastKnownFileType = sourcecode.swift; path = ApiManager.swift; sourceTree = "<group>"; };
		12F7C79D233473360063D3A3 /* MovieListTableViewCell.swift */ = {isa = PBXFileReference; lastKnownFileType = sourcecode.swift; path = MovieListTableViewCell.swift; sourceTree = "<group>"; };
		12F7C7A12334887F0063D3A3 /* MovieListDetailStore.swift */ = {isa = PBXFileReference; lastKnownFileType = sourcecode.swift; path = MovieListDetailStore.swift; sourceTree = "<group>"; };
		12F7C7A22334887F0063D3A3 /* MovieListDetailPresenter.swift */ = {isa = PBXFileReference; lastKnownFileType = sourcecode.swift; path = MovieListDetailPresenter.swift; sourceTree = "<group>"; };
		12F7C7A32334887F0063D3A3 /* MovieListDetailWorker.swift */ = {isa = PBXFileReference; lastKnownFileType = sourcecode.swift; path = MovieListDetailWorker.swift; sourceTree = "<group>"; };
		12F7C7A42334887F0063D3A3 /* MovieListDetailRouter.swift */ = {isa = PBXFileReference; lastKnownFileType = sourcecode.swift; path = MovieListDetailRouter.swift; sourceTree = "<group>"; };
		12F7C7A52334887F0063D3A3 /* MovieListDetailModels.swift */ = {isa = PBXFileReference; lastKnownFileType = sourcecode.swift; path = MovieListDetailModels.swift; sourceTree = "<group>"; };
		12F7C7A62334887F0063D3A3 /* MovieListDetailViewController.swift */ = {isa = PBXFileReference; lastKnownFileType = sourcecode.swift; path = MovieListDetailViewController.swift; sourceTree = "<group>"; };
		12F7C7A72334887F0063D3A3 /* MovieListDetailInteractor.swift */ = {isa = PBXFileReference; lastKnownFileType = sourcecode.swift; path = MovieListDetailInteractor.swift; sourceTree = "<group>"; };
		12F7C7A82334887F0063D3A3 /* MovieListDetailEntity.swift */ = {isa = PBXFileReference; lastKnownFileType = sourcecode.swift; path = MovieListDetailEntity.swift; sourceTree = "<group>"; };
		1870F958221DD7806D57A5FA /* Pods-MovieListCleanUITests.release.xcconfig */ = {isa = PBXFileReference; includeInIndex = 1; lastKnownFileType = text.xcconfig; name = "Pods-MovieListCleanUITests.release.xcconfig"; path = "Target Support Files/Pods-MovieListCleanUITests/Pods-MovieListCleanUITests.release.xcconfig"; sourceTree = "<group>"; };
		24B3694797F3AA6D3153BB59 /* Pods-MovieListClean.release.xcconfig */ = {isa = PBXFileReference; includeInIndex = 1; lastKnownFileType = text.xcconfig; name = "Pods-MovieListClean.release.xcconfig"; path = "Target Support Files/Pods-MovieListClean/Pods-MovieListClean.release.xcconfig"; sourceTree = "<group>"; };
		3D940A1B63F33ED7AFD6EB70 /* Pods-MovieListCleanTests.release.xcconfig */ = {isa = PBXFileReference; includeInIndex = 1; lastKnownFileType = text.xcconfig; name = "Pods-MovieListCleanTests.release.xcconfig"; path = "Target Support Files/Pods-MovieListCleanTests/Pods-MovieListCleanTests.release.xcconfig"; sourceTree = "<group>"; };
		548F4868412FDCB4CA5FA953 /* Pods-MovieListClean.debug.xcconfig */ = {isa = PBXFileReference; includeInIndex = 1; lastKnownFileType = text.xcconfig; name = "Pods-MovieListClean.debug.xcconfig"; path = "Target Support Files/Pods-MovieListClean/Pods-MovieListClean.debug.xcconfig"; sourceTree = "<group>"; };
		63886901BD79E78E05E53138 /* Pods_MovieListClean.framework */ = {isa = PBXFileReference; explicitFileType = wrapper.framework; includeInIndex = 0; path = Pods_MovieListClean.framework; sourceTree = BUILT_PRODUCTS_DIR; };
		98A2715BC0BFC9346FCD0E25 /* Pods_MovieListCleanUITests.framework */ = {isa = PBXFileReference; explicitFileType = wrapper.framework; includeInIndex = 0; path = Pods_MovieListCleanUITests.framework; sourceTree = BUILT_PRODUCTS_DIR; };
		C11529EE16D419EC3EE1541A /* Pods-MovieListCleanTests.debug.xcconfig */ = {isa = PBXFileReference; includeInIndex = 1; lastKnownFileType = text.xcconfig; name = "Pods-MovieListCleanTests.debug.xcconfig"; path = "Target Support Files/Pods-MovieListCleanTests/Pods-MovieListCleanTests.debug.xcconfig"; sourceTree = "<group>"; };
		E657262C53B549B4C1052CF4 /* Pods-MovieListCleanUITests.debug.xcconfig */ = {isa = PBXFileReference; includeInIndex = 1; lastKnownFileType = text.xcconfig; name = "Pods-MovieListCleanUITests.debug.xcconfig"; path = "Target Support Files/Pods-MovieListCleanUITests/Pods-MovieListCleanUITests.debug.xcconfig"; sourceTree = "<group>"; };
		F4ED4D645D9373B4EBE31F8A /* Pods_MovieListCleanTests.framework */ = {isa = PBXFileReference; explicitFileType = wrapper.framework; includeInIndex = 0; path = Pods_MovieListCleanTests.framework; sourceTree = BUILT_PRODUCTS_DIR; };
/* End PBXFileReference section */

/* Begin PBXFrameworksBuildPhase section */
		1267EFE72333C74E00FE5FF6 /* Frameworks */ = {
			isa = PBXFrameworksBuildPhase;
			buildActionMask = 2147483647;
			files = (
				9ED2F333AD0228ADBAAE30B3 /* Pods_MovieListClean.framework in Frameworks */,
			);
			runOnlyForDeploymentPostprocessing = 0;
		};
		1267EFFB2333C74F00FE5FF6 /* Frameworks */ = {
			isa = PBXFrameworksBuildPhase;
			buildActionMask = 2147483647;
			files = (
				4163A4789DBF41069CD7D71B /* Pods_MovieListCleanTests.framework in Frameworks */,
			);
			runOnlyForDeploymentPostprocessing = 0;
		};
		1267F0062333C74F00FE5FF6 /* Frameworks */ = {
			isa = PBXFrameworksBuildPhase;
			buildActionMask = 2147483647;
			files = (
				D90E73FA7AF3D281A0324077 /* Pods_MovieListCleanUITests.framework in Frameworks */,
			);
			runOnlyForDeploymentPostprocessing = 0;
		};
/* End PBXFrameworksBuildPhase section */

/* Begin PBXGroup section */
		1267EFE12333C74E00FE5FF6 = {
			isa = PBXGroup;
			children = (
				1267EFEC2333C74E00FE5FF6 /* MovieListClean */,
				1267F0012333C74F00FE5FF6 /* MovieListCleanTests */,
				1267F00C2333C74F00FE5FF6 /* MovieListCleanUITests */,
				1267EFEB2333C74E00FE5FF6 /* Products */,
				23369330DF04731EF66B2362 /* Pods */,
				4568DE8A8CBF1B80D865D8F2 /* Frameworks */,
			);
			sourceTree = "<group>";
		};
		1267EFEB2333C74E00FE5FF6 /* Products */ = {
			isa = PBXGroup;
			children = (
				1267EFEA2333C74E00FE5FF6 /* MovieListClean.app */,
				1267EFFE2333C74F00FE5FF6 /* MovieListCleanTests.xctest */,
				1267F0092333C74F00FE5FF6 /* MovieListCleanUITests.xctest */,
			);
			name = Products;
			sourceTree = "<group>";
		};
		1267EFEC2333C74E00FE5FF6 /* MovieListClean */ = {
			isa = PBXGroup;
			children = (
				12F7C79F233488490063D3A3 /* Scean */,
				12F7C79C233473020063D3A3 /* cell */,
				1267F02C2333CA6700FE5FF6 /* apimanager */,
				1267EFED2333C74E00FE5FF6 /* AppDelegate.swift */,
				1267EFEF2333C74E00FE5FF6 /* ViewController.swift */,
				1267EFF42333C74F00FE5FF6 /* Assets.xcassets */,
				1267EFF62333C74F00FE5FF6 /* LaunchScreen.storyboard */,
				1267EFF92333C74F00FE5FF6 /* Info.plist */,
			);
			path = MovieListClean;
			sourceTree = "<group>";
		};
		1267F0012333C74F00FE5FF6 /* MovieListCleanTests */ = {
			isa = PBXGroup;
			children = (
				1267F0022333C74F00FE5FF6 /* MovieListCleanTests.swift */,
				1267F0042333C74F00FE5FF6 /* Info.plist */,
				123EA011233B29EB00607094 /* MovieListInteractorTests.swift */,
				123EA012233B29EB00607094 /* MovieListPresenterTests.swift */,
			);
			path = MovieListCleanTests;
			sourceTree = "<group>";
		};
		1267F00C2333C74F00FE5FF6 /* MovieListCleanUITests */ = {
			isa = PBXGroup;
			children = (
				1267F00D2333C74F00FE5FF6 /* MovieListCleanUITests.swift */,
				1267F00F2333C74F00FE5FF6 /* Info.plist */,
			);
			path = MovieListCleanUITests;
			sourceTree = "<group>";
		};
		1267F01B2333C86900FE5FF6 /* MovieList */ = {
			isa = PBXGroup;
			children = (
				1267F01C2333C88A00FE5FF6 /* MovieListStore.swift */,
				1267F01D2333C88A00FE5FF6 /* MovieListPresenter.swift */,
				1267F01E2333C88A00FE5FF6 /* MovieListWorker.swift */,
				1267F01F2333C88A00FE5FF6 /* MovieListRouter.swift */,
				1267F0202333C88A00FE5FF6 /* MovieListModels.swift */,
				1267F0212333C88A00FE5FF6 /* MovieListViewController.swift */,
				1267F0222333C88A00FE5FF6 /* MovieListInteractor.swift */,
				1267F0232333C88A00FE5FF6 /* MovieListEntity.swift */,
				1267EFF12333C74E00FE5FF6 /* Main.storyboard */,
			);
			path = MovieList;
			sourceTree = "<group>";
		};
		1267F02C2333CA6700FE5FF6 /* apimanager */ = {
			isa = PBXGroup;
			children = (
				1267F02D2333CA9B00FE5FF6 /* ApiManager.swift */,
			);
			path = apimanager;
			sourceTree = "<group>";
		};
		12F7C79C233473020063D3A3 /* cell */ = {
			isa = PBXGroup;
			children = (
				12F7C79D233473360063D3A3 /* MovieListTableViewCell.swift */,
			);
			path = cell;
			sourceTree = "<group>";
		};
		12F7C79F233488490063D3A3 /* Scean */ = {
			isa = PBXGroup;
			children = (
				12F7C7A02334885A0063D3A3 /* MovieListDetail */,
				1267F01B2333C86900FE5FF6 /* MovieList */,
			);
			path = Scean;
			sourceTree = "<group>";
		};
		12F7C7A02334885A0063D3A3 /* MovieListDetail */ = {
			isa = PBXGroup;
			children = (
				12F7C7A12334887F0063D3A3 /* MovieListDetailStore.swift */,
				12F7C7A22334887F0063D3A3 /* MovieListDetailPresenter.swift */,
				12F7C7A32334887F0063D3A3 /* MovieListDetailWorker.swift */,
				12F7C7A42334887F0063D3A3 /* MovieListDetailRouter.swift */,
				12F7C7A52334887F0063D3A3 /* MovieListDetailModels.swift */,
				12F7C7A62334887F0063D3A3 /* MovieListDetailViewController.swift */,
				12F7C7A72334887F0063D3A3 /* MovieListDetailInteractor.swift */,
				12F7C7A82334887F0063D3A3 /* MovieListDetailEntity.swift */,
			);
			path = MovieListDetail;
			sourceTree = "<group>";
		};
		23369330DF04731EF66B2362 /* Pods */ = {
			isa = PBXGroup;
			children = (
				548F4868412FDCB4CA5FA953 /* Pods-MovieListClean.debug.xcconfig */,
				24B3694797F3AA6D3153BB59 /* Pods-MovieListClean.release.xcconfig */,
				C11529EE16D419EC3EE1541A /* Pods-MovieListCleanTests.debug.xcconfig */,
				3D940A1B63F33ED7AFD6EB70 /* Pods-MovieListCleanTests.release.xcconfig */,
				E657262C53B549B4C1052CF4 /* Pods-MovieListCleanUITests.debug.xcconfig */,
				1870F958221DD7806D57A5FA /* Pods-MovieListCleanUITests.release.xcconfig */,
			);
			path = Pods;
			sourceTree = "<group>";
		};
		4568DE8A8CBF1B80D865D8F2 /* Frameworks */ = {
			isa = PBXGroup;
			children = (
				63886901BD79E78E05E53138 /* Pods_MovieListClean.framework */,
				F4ED4D645D9373B4EBE31F8A /* Pods_MovieListCleanTests.framework */,
				98A2715BC0BFC9346FCD0E25 /* Pods_MovieListCleanUITests.framework */,
			);
			name = Frameworks;
			sourceTree = "<group>";
		};
/* End PBXGroup section */

/* Begin PBXNativeTarget section */
		1267EFE92333C74E00FE5FF6 /* MovieListClean */ = {
			isa = PBXNativeTarget;
			buildConfigurationList = 1267F0122333C74F00FE5FF6 /* Build configuration list for PBXNativeTarget "MovieListClean" */;
			buildPhases = (
				36C9695D5BC7B7AA01A8FB26 /* [CP] Check Pods Manifest.lock */,
				1267EFE62333C74E00FE5FF6 /* Sources */,
				1267EFE72333C74E00FE5FF6 /* Frameworks */,
				1267EFE82333C74E00FE5FF6 /* Resources */,
				C3255CAD593952A64AA92F5D /* [CP] Embed Pods Frameworks */,
			);
			buildRules = (
			);
			dependencies = (
			);
			name = MovieListClean;
			productName = MovieListClean;
			productReference = 1267EFEA2333C74E00FE5FF6 /* MovieListClean.app */;
			productType = "com.apple.product-type.application";
		};
		1267EFFD2333C74F00FE5FF6 /* MovieListCleanTests */ = {
			isa = PBXNativeTarget;
			buildConfigurationList = 1267F0152333C74F00FE5FF6 /* Build configuration list for PBXNativeTarget "MovieListCleanTests" */;
			buildPhases = (
				5651153964B33BA6EC3C6BA4 /* [CP] Check Pods Manifest.lock */,
				1267EFFA2333C74F00FE5FF6 /* Sources */,
				1267EFFB2333C74F00FE5FF6 /* Frameworks */,
				1267EFFC2333C74F00FE5FF6 /* Resources */,
			);
			buildRules = (
			);
			dependencies = (
				1267F0002333C74F00FE5FF6 /* PBXTargetDependency */,
			);
			name = MovieListCleanTests;
			productName = MovieListCleanTests;
			productReference = 1267EFFE2333C74F00FE5FF6 /* MovieListCleanTests.xctest */;
			productType = "com.apple.product-type.bundle.unit-test";
		};
		1267F0082333C74F00FE5FF6 /* MovieListCleanUITests */ = {
			isa = PBXNativeTarget;
			buildConfigurationList = 1267F0182333C74F00FE5FF6 /* Build configuration list for PBXNativeTarget "MovieListCleanUITests" */;
			buildPhases = (
				25653B5CDF005EB9EB8FE689 /* [CP] Check Pods Manifest.lock */,
				1267F0052333C74F00FE5FF6 /* Sources */,
				1267F0062333C74F00FE5FF6 /* Frameworks */,
				1267F0072333C74F00FE5FF6 /* Resources */,
			);
			buildRules = (
			);
			dependencies = (
				1267F00B2333C74F00FE5FF6 /* PBXTargetDependency */,
			);
			name = MovieListCleanUITests;
			productName = MovieListCleanUITests;
			productReference = 1267F0092333C74F00FE5FF6 /* MovieListCleanUITests.xctest */;
			productType = "com.apple.product-type.bundle.ui-testing";
		};
/* End PBXNativeTarget section */

/* Begin PBXProject section */
		1267EFE22333C74E00FE5FF6 /* Project object */ = {
			isa = PBXProject;
			attributes = {
				LastSwiftUpdateCheck = 1030;
				LastUpgradeCheck = 1030;
				ORGANIZATIONNAME = "Pawee Kittiwathanakul";
				TargetAttributes = {
					1267EFE92333C74E00FE5FF6 = {
						CreatedOnToolsVersion = 10.3;
					};
					1267EFFD2333C74F00FE5FF6 = {
						CreatedOnToolsVersion = 10.3;
						TestTargetID = 1267EFE92333C74E00FE5FF6;
					};
					1267F0082333C74F00FE5FF6 = {
						CreatedOnToolsVersion = 10.3;
						TestTargetID = 1267EFE92333C74E00FE5FF6;
					};
				};
			};
			buildConfigurationList = 1267EFE52333C74E00FE5FF6 /* Build configuration list for PBXProject "MovieListClean" */;
			compatibilityVersion = "Xcode 9.3";
			developmentRegion = en;
			hasScannedForEncodings = 0;
			knownRegions = (
				en,
				Base,
			);
			mainGroup = 1267EFE12333C74E00FE5FF6;
			productRefGroup = 1267EFEB2333C74E00FE5FF6 /* Products */;
			projectDirPath = "";
			projectRoot = "";
			targets = (
				1267EFE92333C74E00FE5FF6 /* MovieListClean */,
				1267EFFD2333C74F00FE5FF6 /* MovieListCleanTests */,
				1267F0082333C74F00FE5FF6 /* MovieListCleanUITests */,
			);
		};
/* End PBXProject section */

/* Begin PBXResourcesBuildPhase section */
		1267EFE82333C74E00FE5FF6 /* Resources */ = {
			isa = PBXResourcesBuildPhase;
			buildActionMask = 2147483647;
			files = (
				1267EFF82333C74F00FE5FF6 /* LaunchScreen.storyboard in Resources */,
				1267EFF52333C74F00FE5FF6 /* Assets.xcassets in Resources */,
				1267EFF32333C74E00FE5FF6 /* Main.storyboard in Resources */,
			);
			runOnlyForDeploymentPostprocessing = 0;
		};
		1267EFFC2333C74F00FE5FF6 /* Resources */ = {
			isa = PBXResourcesBuildPhase;
			buildActionMask = 2147483647;
			files = (
			);
			runOnlyForDeploymentPostprocessing = 0;
		};
		1267F0072333C74F00FE5FF6 /* Resources */ = {
			isa = PBXResourcesBuildPhase;
			buildActionMask = 2147483647;
			files = (
			);
			runOnlyForDeploymentPostprocessing = 0;
		};
/* End PBXResourcesBuildPhase section */

/* Begin PBXShellScriptBuildPhase section */
		25653B5CDF005EB9EB8FE689 /* [CP] Check Pods Manifest.lock */ = {
			isa = PBXShellScriptBuildPhase;
			buildActionMask = 2147483647;
			files = (
			);
			inputFileListPaths = (
			);
			inputPaths = (
				"${PODS_PODFILE_DIR_PATH}/Podfile.lock",
				"${PODS_ROOT}/Manifest.lock",
			);
			name = "[CP] Check Pods Manifest.lock";
			outputFileListPaths = (
			);
			outputPaths = (
				"$(DERIVED_FILE_DIR)/Pods-MovieListCleanUITests-checkManifestLockResult.txt",
			);
			runOnlyForDeploymentPostprocessing = 0;
			shellPath = /bin/sh;
			shellScript = "diff \"${PODS_PODFILE_DIR_PATH}/Podfile.lock\" \"${PODS_ROOT}/Manifest.lock\" > /dev/null\nif [ $? != 0 ] ; then\n    # print error to STDERR\n    echo \"error: The sandbox is not in sync with the Podfile.lock. Run 'pod install' or update your CocoaPods installation.\" >&2\n    exit 1\nfi\n# This output is used by Xcode 'outputs' to avoid re-running this script phase.\necho \"SUCCESS\" > \"${SCRIPT_OUTPUT_FILE_0}\"\n";
			showEnvVarsInLog = 0;
		};
		36C9695D5BC7B7AA01A8FB26 /* [CP] Check Pods Manifest.lock */ = {
			isa = PBXShellScriptBuildPhase;
			buildActionMask = 2147483647;
			files = (
			);
			inputFileListPaths = (
			);
			inputPaths = (
				"${PODS_PODFILE_DIR_PATH}/Podfile.lock",
				"${PODS_ROOT}/Manifest.lock",
			);
			name = "[CP] Check Pods Manifest.lock";
			outputFileListPaths = (
			);
			outputPaths = (
				"$(DERIVED_FILE_DIR)/Pods-MovieListClean-checkManifestLockResult.txt",
			);
			runOnlyForDeploymentPostprocessing = 0;
			shellPath = /bin/sh;
			shellScript = "diff \"${PODS_PODFILE_DIR_PATH}/Podfile.lock\" \"${PODS_ROOT}/Manifest.lock\" > /dev/null\nif [ $? != 0 ] ; then\n    # print error to STDERR\n    echo \"error: The sandbox is not in sync with the Podfile.lock. Run 'pod install' or update your CocoaPods installation.\" >&2\n    exit 1\nfi\n# This output is used by Xcode 'outputs' to avoid re-running this script phase.\necho \"SUCCESS\" > \"${SCRIPT_OUTPUT_FILE_0}\"\n";
			showEnvVarsInLog = 0;
		};
		5651153964B33BA6EC3C6BA4 /* [CP] Check Pods Manifest.lock */ = {
			isa = PBXShellScriptBuildPhase;
			buildActionMask = 2147483647;
			files = (
			);
			inputFileListPaths = (
			);
			inputPaths = (
				"${PODS_PODFILE_DIR_PATH}/Podfile.lock",
				"${PODS_ROOT}/Manifest.lock",
			);
			name = "[CP] Check Pods Manifest.lock";
			outputFileListPaths = (
			);
			outputPaths = (
				"$(DERIVED_FILE_DIR)/Pods-MovieListCleanTests-checkManifestLockResult.txt",
			);
			runOnlyForDeploymentPostprocessing = 0;
			shellPath = /bin/sh;
			shellScript = "diff \"${PODS_PODFILE_DIR_PATH}/Podfile.lock\" \"${PODS_ROOT}/Manifest.lock\" > /dev/null\nif [ $? != 0 ] ; then\n    # print error to STDERR\n    echo \"error: The sandbox is not in sync with the Podfile.lock. Run 'pod install' or update your CocoaPods installation.\" >&2\n    exit 1\nfi\n# This output is used by Xcode 'outputs' to avoid re-running this script phase.\necho \"SUCCESS\" > \"${SCRIPT_OUTPUT_FILE_0}\"\n";
			showEnvVarsInLog = 0;
		};
		C3255CAD593952A64AA92F5D /* [CP] Embed Pods Frameworks */ = {
			isa = PBXShellScriptBuildPhase;
			buildActionMask = 2147483647;
			files = (
			);
			inputFileListPaths = (
				"${PODS_ROOT}/Target Support Files/Pods-MovieListClean/Pods-MovieListClean-frameworks-${CONFIGURATION}-input-files.xcfilelist",
			);
			name = "[CP] Embed Pods Frameworks";
			outputFileListPaths = (
				"${PODS_ROOT}/Target Support Files/Pods-MovieListClean/Pods-MovieListClean-frameworks-${CONFIGURATION}-output-files.xcfilelist",
			);
			runOnlyForDeploymentPostprocessing = 0;
			shellPath = /bin/sh;
			shellScript = "\"${PODS_ROOT}/Target Support Files/Pods-MovieListClean/Pods-MovieListClean-frameworks.sh\"\n";
			showEnvVarsInLog = 0;
		};
/* End PBXShellScriptBuildPhase section */

/* Begin PBXSourcesBuildPhase section */
		1267EFE62333C74E00FE5FF6 /* Sources */ = {
			isa = PBXSourcesBuildPhase;
			buildActionMask = 2147483647;
			files = (
				1267EFF02333C74E00FE5FF6 /* ViewController.swift in Sources */,
				12F7C7A92334887F0063D3A3 /* MovieListDetailStore.swift in Sources */,
				1267F02A2333C88A00FE5FF6 /* MovieListInteractor.swift in Sources */,
				1267F0272333C88A00FE5FF6 /* MovieListRouter.swift in Sources */,
				1267F0242333C88A00FE5FF6 /* MovieListStore.swift in Sources */,
				1267F0292333C88A00FE5FF6 /* MovieListViewController.swift in Sources */,
				12F7C7B02334887F0063D3A3 /* MovieListDetailEntity.swift in Sources */,
				12F7C7AC2334887F0063D3A3 /* MovieListDetailRouter.swift in Sources */,
				1267EFEE2333C74E00FE5FF6 /* AppDelegate.swift in Sources */,
				12F7C7AE2334887F0063D3A3 /* MovieListDetailViewController.swift in Sources */,
				1267F02E2333CA9B00FE5FF6 /* ApiManager.swift in Sources */,
				1267F0282333C88A00FE5FF6 /* MovieListModels.swift in Sources */,
				12F7C7AB2334887F0063D3A3 /* MovieListDetailWorker.swift in Sources */,
				12F7C7AF2334887F0063D3A3 /* MovieListDetailInteractor.swift in Sources */,
				1267F0262333C88A00FE5FF6 /* MovieListWorker.swift in Sources */,
				12F7C7AA2334887F0063D3A3 /* MovieListDetailPresenter.swift in Sources */,
				12F7C7AD2334887F0063D3A3 /* MovieListDetailModels.swift in Sources */,
				1267F0252333C88A00FE5FF6 /* MovieListPresenter.swift in Sources */,
				12F7C79E233473360063D3A3 /* MovieListTableViewCell.swift in Sources */,
				1267F02B2333C88A00FE5FF6 /* MovieListEntity.swift in Sources */,
			);
			runOnlyForDeploymentPostprocessing = 0;
		};
		1267EFFA2333C74F00FE5FF6 /* Sources */ = {
			isa = PBXSourcesBuildPhase;
			buildActionMask = 2147483647;
			files = (
				123EA014233B29EB00607094 /* MovieListPresenterTests.swift in Sources */,
				1267F0032333C74F00FE5FF6 /* MovieListCleanTests.swift in Sources */,
				123EA013233B29EB00607094 /* MovieListInteractorTests.swift in Sources */,
			);
			runOnlyForDeploymentPostprocessing = 0;
		};
		1267F0052333C74F00FE5FF6 /* Sources */ = {
			isa = PBXSourcesBuildPhase;
			buildActionMask = 2147483647;
			files = (
				1267F00E2333C74F00FE5FF6 /* MovieListCleanUITests.swift in Sources */,
			);
			runOnlyForDeploymentPostprocessing = 0;
		};
/* End PBXSourcesBuildPhase section */

/* Begin PBXTargetDependency section */
		1267F0002333C74F00FE5FF6 /* PBXTargetDependency */ = {
			isa = PBXTargetDependency;
			target = 1267EFE92333C74E00FE5FF6 /* MovieListClean */;
			targetProxy = 1267EFFF2333C74F00FE5FF6 /* PBXContainerItemProxy */;
		};
		1267F00B2333C74F00FE5FF6 /* PBXTargetDependency */ = {
			isa = PBXTargetDependency;
			target = 1267EFE92333C74E00FE5FF6 /* MovieListClean */;
			targetProxy = 1267F00A2333C74F00FE5FF6 /* PBXContainerItemProxy */;
		};
/* End PBXTargetDependency section */

/* Begin PBXVariantGroup section */
		1267EFF12333C74E00FE5FF6 /* Main.storyboard */ = {
			isa = PBXVariantGroup;
			children = (
				1267EFF22333C74E00FE5FF6 /* Base */,
			);
			name = Main.storyboard;
			sourceTree = "<group>";
		};
		1267EFF62333C74F00FE5FF6 /* LaunchScreen.storyboard */ = {
			isa = PBXVariantGroup;
			children = (
				1267EFF72333C74F00FE5FF6 /* Base */,
			);
			name = LaunchScreen.storyboard;
			sourceTree = "<group>";
		};
/* End PBXVariantGroup section */

/* Begin XCBuildConfiguration section */
		1267F0102333C74F00FE5FF6 /* Debug */ = {
			isa = XCBuildConfiguration;
			buildSettings = {
				ALWAYS_SEARCH_USER_PATHS = NO;
				CLANG_ANALYZER_NONNULL = YES;
				CLANG_ANALYZER_NUMBER_OBJECT_CONVERSION = YES_AGGRESSIVE;
				CLANG_CXX_LANGUAGE_STANDARD = "gnu++14";
				CLANG_CXX_LIBRARY = "libc++";
				CLANG_ENABLE_MODULES = YES;
				CLANG_ENABLE_OBJC_ARC = YES;
				CLANG_ENABLE_OBJC_WEAK = YES;
				CLANG_WARN_BLOCK_CAPTURE_AUTORELEASING = YES;
				CLANG_WARN_BOOL_CONVERSION = YES;
				CLANG_WARN_COMMA = YES;
				CLANG_WARN_CONSTANT_CONVERSION = YES;
				CLANG_WARN_DEPRECATED_OBJC_IMPLEMENTATIONS = YES;
				CLANG_WARN_DIRECT_OBJC_ISA_USAGE = YES_ERROR;
				CLANG_WARN_DOCUMENTATION_COMMENTS = YES;
				CLANG_WARN_EMPTY_BODY = YES;
				CLANG_WARN_ENUM_CONVERSION = YES;
				CLANG_WARN_INFINITE_RECURSION = YES;
				CLANG_WARN_INT_CONVERSION = YES;
				CLANG_WARN_NON_LITERAL_NULL_CONVERSION = YES;
				CLANG_WARN_OBJC_IMPLICIT_RETAIN_SELF = YES;
				CLANG_WARN_OBJC_LITERAL_CONVERSION = YES;
				CLANG_WARN_OBJC_ROOT_CLASS = YES_ERROR;
				CLANG_WARN_RANGE_LOOP_ANALYSIS = YES;
				CLANG_WARN_STRICT_PROTOTYPES = YES;
				CLANG_WARN_SUSPICIOUS_MOVE = YES;
				CLANG_WARN_UNGUARDED_AVAILABILITY = YES_AGGRESSIVE;
				CLANG_WARN_UNREACHABLE_CODE = YES;
				CLANG_WARN__DUPLICATE_METHOD_MATCH = YES;
				CODE_SIGN_IDENTITY = "iPhone Developer";
				COPY_PHASE_STRIP = NO;
				DEBUG_INFORMATION_FORMAT = dwarf;
				ENABLE_STRICT_OBJC_MSGSEND = YES;
				ENABLE_TESTABILITY = YES;
				GCC_C_LANGUAGE_STANDARD = gnu11;
				GCC_DYNAMIC_NO_PIC = NO;
				GCC_NO_COMMON_BLOCKS = YES;
				GCC_OPTIMIZATION_LEVEL = 0;
				GCC_PREPROCESSOR_DEFINITIONS = (
					"DEBUG=1",
					"$(inherited)",
				);
				GCC_WARN_64_TO_32_BIT_CONVERSION = YES;
				GCC_WARN_ABOUT_RETURN_TYPE = YES_ERROR;
				GCC_WARN_UNDECLARED_SELECTOR = YES;
				GCC_WARN_UNINITIALIZED_AUTOS = YES_AGGRESSIVE;
				GCC_WARN_UNUSED_FUNCTION = YES;
				GCC_WARN_UNUSED_VARIABLE = YES;
				IPHONEOS_DEPLOYMENT_TARGET = 12.4;
				MTL_ENABLE_DEBUG_INFO = INCLUDE_SOURCE;
				MTL_FAST_MATH = YES;
				ONLY_ACTIVE_ARCH = YES;
				SDKROOT = iphoneos;
				SWIFT_ACTIVE_COMPILATION_CONDITIONS = DEBUG;
				SWIFT_OPTIMIZATION_LEVEL = "-Onone";
			};
			name = Debug;
		};
		1267F0112333C74F00FE5FF6 /* Release */ = {
			isa = XCBuildConfiguration;
			buildSettings = {
				ALWAYS_SEARCH_USER_PATHS = NO;
				CLANG_ANALYZER_NONNULL = YES;
				CLANG_ANALYZER_NUMBER_OBJECT_CONVERSION = YES_AGGRESSIVE;
				CLANG_CXX_LANGUAGE_STANDARD = "gnu++14";
				CLANG_CXX_LIBRARY = "libc++";
				CLANG_ENABLE_MODULES = YES;
				CLANG_ENABLE_OBJC_ARC = YES;
				CLANG_ENABLE_OBJC_WEAK = YES;
				CLANG_WARN_BLOCK_CAPTURE_AUTORELEASING = YES;
				CLANG_WARN_BOOL_CONVERSION = YES;
				CLANG_WARN_COMMA = YES;
				CLANG_WARN_CONSTANT_CONVERSION = YES;
				CLANG_WARN_DEPRECATED_OBJC_IMPLEMENTATIONS = YES;
				CLANG_WARN_DIRECT_OBJC_ISA_USAGE = YES_ERROR;
				CLANG_WARN_DOCUMENTATION_COMMENTS = YES;
				CLANG_WARN_EMPTY_BODY = YES;
				CLANG_WARN_ENUM_CONVERSION = YES;
				CLANG_WARN_INFINITE_RECURSION = YES;
				CLANG_WARN_INT_CONVERSION = YES;
				CLANG_WARN_NON_LITERAL_NULL_CONVERSION = YES;
				CLANG_WARN_OBJC_IMPLICIT_RETAIN_SELF = YES;
				CLANG_WARN_OBJC_LITERAL_CONVERSION = YES;
				CLANG_WARN_OBJC_ROOT_CLASS = YES_ERROR;
				CLANG_WARN_RANGE_LOOP_ANALYSIS = YES;
				CLANG_WARN_STRICT_PROTOTYPES = YES;
				CLANG_WARN_SUSPICIOUS_MOVE = YES;
				CLANG_WARN_UNGUARDED_AVAILABILITY = YES_AGGRESSIVE;
				CLANG_WARN_UNREACHABLE_CODE = YES;
				CLANG_WARN__DUPLICATE_METHOD_MATCH = YES;
				CODE_SIGN_IDENTITY = "iPhone Developer";
				COPY_PHASE_STRIP = NO;
				DEBUG_INFORMATION_FORMAT = "dwarf-with-dsym";
				ENABLE_NS_ASSERTIONS = NO;
				ENABLE_STRICT_OBJC_MSGSEND = YES;
				GCC_C_LANGUAGE_STANDARD = gnu11;
				GCC_NO_COMMON_BLOCKS = YES;
				GCC_WARN_64_TO_32_BIT_CONVERSION = YES;
				GCC_WARN_ABOUT_RETURN_TYPE = YES_ERROR;
				GCC_WARN_UNDECLARED_SELECTOR = YES;
				GCC_WARN_UNINITIALIZED_AUTOS = YES_AGGRESSIVE;
				GCC_WARN_UNUSED_FUNCTION = YES;
				GCC_WARN_UNUSED_VARIABLE = YES;
				IPHONEOS_DEPLOYMENT_TARGET = 12.4;
				MTL_ENABLE_DEBUG_INFO = NO;
				MTL_FAST_MATH = YES;
				SDKROOT = iphoneos;
				SWIFT_COMPILATION_MODE = wholemodule;
				SWIFT_OPTIMIZATION_LEVEL = "-O";
				VALIDATE_PRODUCT = YES;
			};
			name = Release;
		};
		1267F0132333C74F00FE5FF6 /* Debug */ = {
			isa = XCBuildConfiguration;
			baseConfigurationReference = 548F4868412FDCB4CA5FA953 /* Pods-MovieListClean.debug.xcconfig */;
			buildSettings = {
				ASSETCATALOG_COMPILER_APPICON_NAME = AppIcon;
				CODE_SIGN_STYLE = Automatic;
				INFOPLIST_FILE = MovieListClean/Info.plist;
				LD_RUNPATH_SEARCH_PATHS = (
					"$(inherited)",
					"@executable_path/Frameworks",
				);
				PRODUCT_BUNDLE_IDENTIFIER = Tabbar.MovieListClean;
				PRODUCT_NAME = "$(TARGET_NAME)";
				SWIFT_VERSION = 5.0;
				TARGETED_DEVICE_FAMILY = "1,2";
			};
			name = Debug;
		};
		1267F0142333C74F00FE5FF6 /* Release */ = {
			isa = XCBuildConfiguration;
			baseConfigurationReference = 24B3694797F3AA6D3153BB59 /* Pods-MovieListClean.release.xcconfig */;
			buildSettings = {
				ASSETCATALOG_COMPILER_APPICON_NAME = AppIcon;
				CODE_SIGN_STYLE = Automatic;
				INFOPLIST_FILE = MovieListClean/Info.plist;
				LD_RUNPATH_SEARCH_PATHS = (
					"$(inherited)",
					"@executable_path/Frameworks",
				);
				PRODUCT_BUNDLE_IDENTIFIER = Tabbar.MovieListClean;
				PRODUCT_NAME = "$(TARGET_NAME)";
				SWIFT_VERSION = 5.0;
				TARGETED_DEVICE_FAMILY = "1,2";
			};
			name = Release;
		};
		1267F0162333C74F00FE5FF6 /* Debug */ = {
			isa = XCBuildConfiguration;
			baseConfigurationReference = C11529EE16D419EC3EE1541A /* Pods-MovieListCleanTests.debug.xcconfig */;
			buildSettings = {
				ALWAYS_EMBED_SWIFT_STANDARD_LIBRARIES = YES;
				BUNDLE_LOADER = "$(TEST_HOST)";
				CODE_SIGN_STYLE = Automatic;
				INFOPLIST_FILE = MovieListCleanTests/Info.plist;
				LD_RUNPATH_SEARCH_PATHS = (
					"$(inherited)",
					"@executable_path/Frameworks",
					"@loader_path/Frameworks",
				);
				PRODUCT_BUNDLE_IDENTIFIER = Tabbar.MovieListCleanTests;
				PRODUCT_NAME = "$(TARGET_NAME)";
				SWIFT_VERSION = 5.0;
				TARGETED_DEVICE_FAMILY = "1,2";
				TEST_HOST = "$(BUILT_PRODUCTS_DIR)/MovieListClean.app/MovieListClean";
			};
			name = Debug;
		};
		1267F0172333C74F00FE5FF6 /* Release */ = {
			isa = XCBuildConfiguration;
			baseConfigurationReference = 3D940A1B63F33ED7AFD6EB70 /* Pods-MovieListCleanTests.release.xcconfig */;
			buildSettings = {
				ALWAYS_EMBED_SWIFT_STANDARD_LIBRARIES = YES;
				BUNDLE_LOADER = "$(TEST_HOST)";
				CODE_SIGN_STYLE = Automatic;
				INFOPLIST_FILE = MovieListCleanTests/Info.plist;
				LD_RUNPATH_SEARCH_PATHS = (
					"$(inherited)",
					"@executable_path/Frameworks",
					"@loader_path/Frameworks",
				);
				PRODUCT_BUNDLE_IDENTIFIER = Tabbar.MovieListCleanTests;
				PRODUCT_NAME = "$(TARGET_NAME)";
				SWIFT_VERSION = 5.0;
				TARGETED_DEVICE_FAMILY = "1,2";
				TEST_HOST = "$(BUILT_PRODUCTS_DIR)/MovieListClean.app/MovieListClean";
			};
			name = Release;
		};
		1267F0192333C74F00FE5FF6 /* Debug */ = {
			isa = XCBuildConfiguration;
			baseConfigurationReference = E657262C53B549B4C1052CF4 /* Pods-MovieListCleanUITests.debug.xcconfig */;
			buildSettings = {
				ALWAYS_EMBED_SWIFT_STANDARD_LIBRARIES = YES;
				CODE_SIGN_STYLE = Automatic;
				INFOPLIST_FILE = MovieListCleanUITests/Info.plist;
				LD_RUNPATH_SEARCH_PATHS = (
					"$(inherited)",
					"@executable_path/Frameworks",
					"@loader_path/Frameworks",
				);
				PRODUCT_BUNDLE_IDENTIFIER = Tabbar.MovieListCleanUITests;
				PRODUCT_NAME = "$(TARGET_NAME)";
				SWIFT_VERSION = 5.0;
				TARGETED_DEVICE_FAMILY = "1,2";
				TEST_TARGET_NAME = MovieListClean;
			};
			name = Debug;
		};
		1267F01A2333C74F00FE5FF6 /* Release */ = {
			isa = XCBuildConfiguration;
			baseConfigurationReference = 1870F958221DD7806D57A5FA /* Pods-MovieListCleanUITests.release.xcconfig */;
			buildSettings = {
				ALWAYS_EMBED_SWIFT_STANDARD_LIBRARIES = YES;
				CODE_SIGN_STYLE = Automatic;
				INFOPLIST_FILE = MovieListCleanUITests/Info.plist;
				LD_RUNPATH_SEARCH_PATHS = (
					"$(inherited)",
					"@executable_path/Frameworks",
					"@loader_path/Frameworks",
				);
				PRODUCT_BUNDLE_IDENTIFIER = Tabbar.MovieListCleanUITests;
				PRODUCT_NAME = "$(TARGET_NAME)";
				SWIFT_VERSION = 5.0;
				TARGETED_DEVICE_FAMILY = "1,2";
				TEST_TARGET_NAME = MovieListClean;
			};
			name = Release;
		};
/* End XCBuildConfiguration section */

/* Begin XCConfigurationList section */
		1267EFE52333C74E00FE5FF6 /* Build configuration list for PBXProject "MovieListClean" */ = {
			isa = XCConfigurationList;
			buildConfigurations = (
				1267F0102333C74F00FE5FF6 /* Debug */,
				1267F0112333C74F00FE5FF6 /* Release */,
			);
			defaultConfigurationIsVisible = 0;
			defaultConfigurationName = Release;
		};
		1267F0122333C74F00FE5FF6 /* Build configuration list for PBXNativeTarget "MovieListClean" */ = {
			isa = XCConfigurationList;
			buildConfigurations = (
				1267F0132333C74F00FE5FF6 /* Debug */,
				1267F0142333C74F00FE5FF6 /* Release */,
			);
			defaultConfigurationIsVisible = 0;
			defaultConfigurationName = Release;
		};
		1267F0152333C74F00FE5FF6 /* Build configuration list for PBXNativeTarget "MovieListCleanTests" */ = {
			isa = XCConfigurationList;
			buildConfigurations = (
				1267F0162333C74F00FE5FF6 /* Debug */,
				1267F0172333C74F00FE5FF6 /* Release */,
			);
			defaultConfigurationIsVisible = 0;
			defaultConfigurationName = Release;
		};
		1267F0182333C74F00FE5FF6 /* Build configuration list for PBXNativeTarget "MovieListCleanUITests" */ = {
			isa = XCConfigurationList;
			buildConfigurations = (
				1267F0192333C74F00FE5FF6 /* Debug */,
				1267F01A2333C74F00FE5FF6 /* Release */,
			);
			defaultConfigurationIsVisible = 0;
			defaultConfigurationName = Release;
		};
/* End XCConfigurationList section */
	};
	rootObject = 1267EFE22333C74E00FE5FF6 /* Project object */;
}
